
Microsoft Visual Studio Solution File, Format Version 12.00
# Visual Studio 2012
Project("{8BC9CEB8-8B4A-11D0-8D11-00A0C91BC942}") = "Globals", "Globals\Globals.vcxproj", "{EC3CA5D5-6E6A-4EE3-82D1-0776B6027B4B}"
EndProject
Project("{8BC9CEB8-8B4A-11D0-8D11-00A0C91BC942}") = "HidEmulator", "HidEmulator\HidEmulator.vcxproj", "{AEFF5461-5B72-4D7D-A01E-E4ADF25F6472}"
EndProject
Project("{8BC9CEB8-8B4A-11D0-8D11-00A0C91BC942}") = "Installer", "Installer\Installer.vcxproj", "{BA33EDC3-8280-4C6D-9722-9378ABD4D781}"
	ProjectSection(ProjectDependencies) = postProject
		{5959E53B-C989-4548-BF96-B470CEE7A5EE} = {5959E53B-C989-4548-BF96-B470CEE7A5EE}
		{AEFF5461-5B72-4D7D-A01E-E4ADF25F6472} = {AEFF5461-5B72-4D7D-A01E-E4ADF25F6472}
		{D12532A9-3B07-418A-9FDA-96E6C9FE481B} = {D12532A9-3B07-418A-9FDA-96E6C9FE481B}
		{726541F5-9127-400E-838E-90E0074450B4} = {726541F5-9127-400E-838E-90E0074450B4}
	EndProjectSection
EndProject
Project("{8BC9CEB8-8B4A-11D0-8D11-00A0C91BC942}") = "InstallerApp", "InstallerApp\InstallerApp.vcxproj", "{CC33CF81-B267-4FAC-8147-3BE37718BD0D}"
EndProject
Project("{8BC9CEB8-8B4A-11D0-8D11-00A0C91BC942}") = "HidEmulatorKmdf", "HidEmulator\HidEmulatorKmdf.vcxproj", "{D12532A9-3B07-418A-9FDA-96E6C9FE481B}"
EndProject
Project("{8BC9CEB8-8B4A-11D0-8D11-00A0C91BC942}") = "Signer", "HidEmulator\Signer.vcxproj", "{726541F5-9127-400E-838E-90E0074450B4}"
	ProjectSection(ProjectDependencies) = postProject
		{D12532A9-3B07-418A-9FDA-96E6C9FE481B} = {D12532A9-3B07-418A-9FDA-96E6C9FE481B}
	EndProjectSection
EndProject
Project("{8BC9CEB8-8B4A-11D0-8D11-00A0C91BC942}") = "TestHarness", "TestHarness\TestHarness.vcxproj", "{C3E69CA7-D2FB-49FD-843F-FE5DE6B71A3D}"
	ProjectSection(ProjectDependencies) = postProject
		{EC3CA5D5-6E6A-4EE3-82D1-0776B6027B4B} = {EC3CA5D5-6E6A-4EE3-82D1-0776B6027B4B}
	EndProjectSection
EndProject
Project("{8BC9CEB8-8B4A-11D0-8D11-00A0C91BC942}") = "OcuInterface", "OcuInterface\OcuInterface.vcxproj", "{2E84469F-ACA4-4FD8-A09F-A0E0A5832BDD}"
EndProject
Project("{2150E333-8FDC-42A3-9474-1A3956D46DE8}") = "Driver", "Driver", "{91D45BEA-95A8-46FE-8534-9B44225F36CC}"
EndProject
Project("{2150E333-8FDC-42A3-9474-1A3956D46DE8}") = "Test", "Test", "{8679BF83-9C3C-47CE-9F85-0892E33A40A5}"
EndProject
Project("{2150E333-8FDC-42A3-9474-1A3956D46DE8}") = "User", "User", "{1B962C81-6C55-415B-9CFD-08FE30771A9F}"
EndProject
Project("{8BC9CEB8-8B4A-11D0-8D11-00A0C91BC942}") = "TouchDisplay", "TouchDisplay\TouchDisplay.vcxproj", "{D38D3AF0-7DDB-4237-AEC8-6FBE76137E15}"
EndProject
Project("{8BC9CEB8-8B4A-11D0-8D11-00A0C91BC942}") = "newdev", "newdev\newdev.vcxproj", "{5959E53B-C989-4548-BF96-B470CEE7A5EE}"
EndProject
Project("{8BC9CEB8-8B4A-11D0-8D11-00A0C91BC942}") = "OverlayHarness", "OverlayHarness\OverlayHarness.vcxproj", "{A1A0E24C-CB38-402B-9B6A-DD6900C8E3E9}"
EndProject
Project("{8BC9CEB8-8B4A-11D0-8D11-00A0C91BC942}") = "Testbed", "Testbed\Testbed.vcxproj", "{3C597626-AC6C-4E02-B505-BFA6AF6BEF4A}"
EndProject
Global
	GlobalSection(SolutionConfigurationPlatforms) = preSolution
		Debug|Win32 = Debug|Win32
		Debug|x64 = Debug|x64
		Release|Win32 = Release|Win32
		Release|x64 = Release|x64
	EndGlobalSection
	GlobalSection(ProjectConfigurationPlatforms) = postSolution
		{EC3CA5D5-6E6A-4EE3-82D1-0776B6027B4B}.Debug|Win32.ActiveCfg = Debug|Win32
		{EC3CA5D5-6E6A-4EE3-82D1-0776B6027B4B}.Debug|Win32.Build.0 = Debug|Win32
		{EC3CA5D5-6E6A-4EE3-82D1-0776B6027B4B}.Debug|x64.ActiveCfg = Debug|x64
		{EC3CA5D5-6E6A-4EE3-82D1-0776B6027B4B}.Debug|x64.Build.0 = Debug|x64
		{EC3CA5D5-6E6A-4EE3-82D1-0776B6027B4B}.Release|Win32.ActiveCfg = Release|Win32
		{EC3CA5D5-6E6A-4EE3-82D1-0776B6027B4B}.Release|Win32.Build.0 = Release|Win32
		{EC3CA5D5-6E6A-4EE3-82D1-0776B6027B4B}.Release|x64.ActiveCfg = Release|x64
		{EC3CA5D5-6E6A-4EE3-82D1-0776B6027B4B}.Release|x64.Build.0 = Release|x64
		{AEFF5461-5B72-4D7D-A01E-E4ADF25F6472}.Debug|Win32.ActiveCfg = Debug|Win32
		{AEFF5461-5B72-4D7D-A01E-E4ADF25F6472}.Debug|Win32.Build.0 = Debug|Win32
		{AEFF5461-5B72-4D7D-A01E-E4ADF25F6472}.Debug|x64.ActiveCfg = Debug|x64
		{AEFF5461-5B72-4D7D-A01E-E4ADF25F6472}.Debug|x64.Build.0 = Debug|x64
		{AEFF5461-5B72-4D7D-A01E-E4ADF25F6472}.Release|Win32.ActiveCfg = Release|Win32
		{AEFF5461-5B72-4D7D-A01E-E4ADF25F6472}.Release|Win32.Build.0 = Release|Win32
		{AEFF5461-5B72-4D7D-A01E-E4ADF25F6472}.Release|x64.ActiveCfg = Release|x64
		{AEFF5461-5B72-4D7D-A01E-E4ADF25F6472}.Release|x64.Build.0 = Release|x64
		{BA33EDC3-8280-4C6D-9722-9378ABD4D781}.Debug|Win32.ActiveCfg = Debug|Win32
		{BA33EDC3-8280-4C6D-9722-9378ABD4D781}.Debug|Win32.Build.0 = Debug|Win32
		{BA33EDC3-8280-4C6D-9722-9378ABD4D781}.Debug|x64.ActiveCfg = Debug|x64
		{BA33EDC3-8280-4C6D-9722-9378ABD4D781}.Debug|x64.Build.0 = Debug|x64
		{BA33EDC3-8280-4C6D-9722-9378ABD4D781}.Release|Win32.ActiveCfg = Release|Win32
		{BA33EDC3-8280-4C6D-9722-9378ABD4D781}.Release|Win32.Build.0 = Release|Win32
		{BA33EDC3-8280-4C6D-9722-9378ABD4D781}.Release|x64.ActiveCfg = Release|x64
		{BA33EDC3-8280-4C6D-9722-9378ABD4D781}.Release|x64.Build.0 = Release|x64
		{CC33CF81-B267-4FAC-8147-3BE37718BD0D}.Debug|Win32.ActiveCfg = Debug|Win32
		{CC33CF81-B267-4FAC-8147-3BE37718BD0D}.Debug|Win32.Build.0 = Debug|Win32
		{CC33CF81-B267-4FAC-8147-3BE37718BD0D}.Debug|x64.ActiveCfg = Debug|x64
		{CC33CF81-B267-4FAC-8147-3BE37718BD0D}.Debug|x64.Build.0 = Debug|x64
		{CC33CF81-B267-4FAC-8147-3BE37718BD0D}.Release|Win32.ActiveCfg = Release|Win32
		{CC33CF81-B267-4FAC-8147-3BE37718BD0D}.Release|Win32.Build.0 = Release|Win32
		{CC33CF81-B267-4FAC-8147-3BE37718BD0D}.Release|x64.ActiveCfg = Release|x64
		{CC33CF81-B267-4FAC-8147-3BE37718BD0D}.Release|x64.Build.0 = Release|x64
		{D12532A9-3B07-418A-9FDA-96E6C9FE481B}.Debug|Win32.ActiveCfg = Debug|Win32
		{D12532A9-3B07-418A-9FDA-96E6C9FE481B}.Debug|Win32.Build.0 = Debug|Win32
		{D12532A9-3B07-418A-9FDA-96E6C9FE481B}.Debug|x64.ActiveCfg = Debug|x64
		{D12532A9-3B07-418A-9FDA-96E6C9FE481B}.Debug|x64.Build.0 = Debug|x64
		{D12532A9-3B07-418A-9FDA-96E6C9FE481B}.Release|Win32.ActiveCfg = Release|Win32
		{D12532A9-3B07-418A-9FDA-96E6C9FE481B}.Release|Win32.Build.0 = Release|Win32
		{D12532A9-3B07-418A-9FDA-96E6C9FE481B}.Release|x64.ActiveCfg = Release|x64
		{D12532A9-3B07-418A-9FDA-96E6C9FE481B}.Release|x64.Build.0 = Release|x64
		{726541F5-9127-400E-838E-90E0074450B4}.Debug|Win32.ActiveCfg = Debug|Win32
		{726541F5-9127-400E-838E-90E0074450B4}.Debug|Win32.Build.0 = Debug|Win32
		{726541F5-9127-400E-838E-90E0074450B4}.Debug|x64.ActiveCfg = Debug|x64
		{726541F5-9127-400E-838E-90E0074450B4}.Debug|x64.Build.0 = Debug|x64
		{726541F5-9127-400E-838E-90E0074450B4}.Release|Win32.ActiveCfg = Release|Win32
		{726541F5-9127-400E-838E-90E0074450B4}.Release|Win32.Build.0 = Release|Win32
		{726541F5-9127-400E-838E-90E0074450B4}.Release|x64.ActiveCfg = Release|x64
		{726541F5-9127-400E-838E-90E0074450B4}.Release|x64.Build.0 = Release|x64
		{C3E69CA7-D2FB-49FD-843F-FE5DE6B71A3D}.Debug|Win32.ActiveCfg = Debug|Win32
		{C3E69CA7-D2FB-49FD-843F-FE5DE6B71A3D}.Debug|Win32.Build.0 = Debug|Win32
		{C3E69CA7-D2FB-49FD-843F-FE5DE6B71A3D}.Debug|x64.ActiveCfg = Debug|x64
		{C3E69CA7-D2FB-49FD-843F-FE5DE6B71A3D}.Debug|x64.Build.0 = Debug|x64
		{C3E69CA7-D2FB-49FD-843F-FE5DE6B71A3D}.Release|Win32.ActiveCfg = Release|Win32
		{C3E69CA7-D2FB-49FD-843F-FE5DE6B71A3D}.Release|Win32.Build.0 = Release|Win32
		{C3E69CA7-D2FB-49FD-843F-FE5DE6B71A3D}.Release|x64.ActiveCfg = Release|x64
		{C3E69CA7-D2FB-49FD-843F-FE5DE6B71A3D}.Release|x64.Build.0 = Release|x64
		{2E84469F-ACA4-4FD8-A09F-A0E0A5832BDD}.Debug|Win32.ActiveCfg = Debug|Win32
		{2E84469F-ACA4-4FD8-A09F-A0E0A5832BDD}.Debug|Win32.Build.0 = Debug|Win32
		{2E84469F-ACA4-4FD8-A09F-A0E0A5832BDD}.Debug|x64.ActiveCfg = Debug|x64
		{2E84469F-ACA4-4FD8-A09F-A0E0A5832BDD}.Debug|x64.Build.0 = Debug|x64
		{2E84469F-ACA4-4FD8-A09F-A0E0A5832BDD}.Release|Win32.ActiveCfg = Release|Win32
		{2E84469F-ACA4-4FD8-A09F-A0E0A5832BDD}.Release|Win32.Build.0 = Release|Win32
		{2E84469F-ACA4-4FD8-A09F-A0E0A5832BDD}.Release|x64.ActiveCfg = Release|x64
		{2E84469F-ACA4-4FD8-A09F-A0E0A5832BDD}.Release|x64.Build.0 = Release|x64
		{D38D3AF0-7DDB-4237-AEC8-6FBE76137E15}.Debug|Win32.ActiveCfg = Debug|Win32
		{D38D3AF0-7DDB-4237-AEC8-6FBE76137E15}.Debug|Win32.Build.0 = Debug|Win32
		{D38D3AF0-7DDB-4237-AEC8-6FBE76137E15}.Debug|x64.ActiveCfg = Debug|x64
		{D38D3AF0-7DDB-4237-AEC8-6FBE76137E15}.Debug|x64.Build.0 = Debug|x64
		{D38D3AF0-7DDB-4237-AEC8-6FBE76137E15}.Release|Win32.ActiveCfg = Release|Win32
		{D38D3AF0-7DDB-4237-AEC8-6FBE76137E15}.Release|Win32.Build.0 = Release|Win32
		{D38D3AF0-7DDB-4237-AEC8-6FBE76137E15}.Release|x64.ActiveCfg = Release|x64
		{D38D3AF0-7DDB-4237-AEC8-6FBE76137E15}.Release|x64.Build.0 = Release|x64
		{5959E53B-C989-4548-BF96-B470CEE7A5EE}.Debug|Win32.ActiveCfg = Debug|Win32
		{5959E53B-C989-4548-BF96-B470CEE7A5EE}.Debug|Win32.Build.0 = Debug|Win32
		{5959E53B-C989-4548-BF96-B470CEE7A5EE}.Debug|x64.ActiveCfg = Debug|x64
		{5959E53B-C989-4548-BF96-B470CEE7A5EE}.Debug|x64.Build.0 = Debug|x64
		{5959E53B-C989-4548-BF96-B470CEE7A5EE}.Release|Win32.ActiveCfg = Release|Win32
		{5959E53B-C989-4548-BF96-B470CEE7A5EE}.Release|Win32.Build.0 = Release|Win32
		{5959E53B-C989-4548-BF96-B470CEE7A5EE}.Release|x64.ActiveCfg = Release|x64
		{5959E53B-C989-4548-BF96-B470CEE7A5EE}.Release|x64.Build.0 = Release|x64
		{A1A0E24C-CB38-402B-9B6A-DD6900C8E3E9}.Debug|Win32.ActiveCfg = Debug|Win32
		{A1A0E24C-CB38-402B-9B6A-DD6900C8E3E9}.Debug|Win32.Build.0 = Debug|Win32
		{A1A0E24C-CB38-402B-9B6A-DD6900C8E3E9}.Debug|x64.ActiveCfg = Debug|x64
		{A1A0E24C-CB38-402B-9B6A-DD6900C8E3E9}.Debug|x64.Build.0 = Debug|x64
		{A1A0E24C-CB38-402B-9B6A-DD6900C8E3E9}.Release|Win32.ActiveCfg = Release|Win32
		{A1A0E24C-CB38-402B-9B6A-DD6900C8E3E9}.Release|Win32.Build.0 = Release|Win32
		{A1A0E24C-CB38-402B-9B6A-DD6900C8E3E9}.Release|x64.ActiveCfg = Release|x64
		{A1A0E24C-CB38-402B-9B6A-DD6900C8E3E9}.Release|x64.Build.0 = Release|x64
		{3C597626-AC6C-4E02-B505-BFA6AF6BEF4A}.Debug|Win32.ActiveCfg = Debug|Win32
		{3C597626-AC6C-4E02-B505-BFA6AF6BEF4A}.Debug|Win32.Build.0 = Debug|Win32
		{3C597626-AC6C-4E02-B505-BFA6AF6BEF4A}.Debug|Win32.Deploy.0 = Debug|Win32
		{3C597626-AC6C-4E02-B505-BFA6AF6BEF4A}.Debug|x64.ActiveCfg = Debug|x64
		{3C597626-AC6C-4E02-B505-BFA6AF6BEF4A}.Debug|x64.Build.0 = Debug|x64
		{3C597626-AC6C-4E02-B505-BFA6AF6BEF4A}.Release|Win32.ActiveCfg = Release|Win32
		{3C597626-AC6C-4E02-B505-BFA6AF6BEF4A}.Release|Win32.Build.0 = Release|Win32
		{3C597626-AC6C-4E02-B505-BFA6AF6BEF4A}.Release|Win32.Deploy.0 = Release|Win32
		{3C597626-AC6C-4E02-B505-BFA6AF6BEF4A}.Release|x64.ActiveCfg = Release|x64
		{3C597626-AC6C-4E02-B505-BFA6AF6BEF4A}.Release|x64.Build.0 = Release|x64
	EndGlobalSection
	GlobalSection(SolutionProperties) = preSolution
		HideSolutionNode = FALSE
	EndGlobalSection
	GlobalSection(NestedProjects) = preSolution
		{D12532A9-3B07-418A-9FDA-96E6C9FE481B} = {91D45BEA-95A8-46FE-8534-9B44225F36CC}
		{726541F5-9127-400E-838E-90E0074450B4} = {91D45BEA-95A8-46FE-8534-9B44225F36CC}
		{AEFF5461-5B72-4D7D-A01E-E4ADF25F6472} = {91D45BEA-95A8-46FE-8534-9B44225F36CC}
		{CC33CF81-B267-4FAC-8147-3BE37718BD0D} = {1B962C81-6C55-415B-9CFD-08FE30771A9F}
		{2E84469F-ACA4-4FD8-A09F-A0E0A5832BDD} = {1B962C81-6C55-415B-9CFD-08FE30771A9F}
		{BA33EDC3-8280-4C6D-9722-9378ABD4D781} = {1B962C81-6C55-415B-9CFD-08FE30771A9F}
		{5959E53B-C989-4548-BF96-B470CEE7A5EE} = {1B962C81-6C55-415B-9CFD-08FE30771A9F}
		{C3E69CA7-D2FB-49FD-843F-FE5DE6B71A3D} = {8679BF83-9C3C-47CE-9F85-0892E33A40A5}
		{D38D3AF0-7DDB-4237-AEC8-6FBE76137E15} = {8679BF83-9C3C-47CE-9F85-0892E33A40A5}
		{A1A0E24C-CB38-402B-9B6A-DD6900C8E3E9} = {8679BF83-9C3C-47CE-9F85-0892E33A40A5}
		{3C597626-AC6C-4E02-B505-BFA6AF6BEF4A} = {8679BF83-9C3C-47CE-9F85-0892E33A40A5}
	EndGlobalSection
EndGlobal
